
Microsoft Visual Studio Solution File, Format Version 12.00
# Visual Studio Version 17
VisualStudioVersion = 17.4.33205.214
MinimumVisualStudioVersion = 10.0.40219.1
Project("{FAE04EC0-301F-11D3-BF4B-00C04F79EFBC}") = "Projekt3irad", "Projekt3irad\Projekt3irad.csproj", "{2A96EF69-F099-4421-9D7A-6A029AD9088A}"
EndProject
Global
	GlobalSection(SolutionConfigurationPlatforms) = preSolution
		Debug|Any CPU = Debug|Any CPU
		Release|Any CPU = Release|Any CPU
	EndGlobalSection
	GlobalSection(ProjectConfigurationPlatforms) = postSolution
		{2A96EF69-F099-4421-9D7A-6A029AD9088A}.Debug|Any CPU.ActiveCfg = Debug|Any CPU
		{2A96EF69-F099-4421-9D7A-6A029AD9088A}.Debug|Any CPU.Build.0 = Debug|Any CPU
		{2A96EF69-F099-4421-9D7A-6A029AD9088A}.Release|Any CPU.ActiveCfg = Release|Any CPU
		{2A96EF69-F099-4421-9D7A-6A029AD9088A}.Release|Any CPU.Build.0 = Release|Any CPU
	EndGlobalSection
	GlobalSection(SolutionProperties) = preSolution
		HideSolutionNode = FALSE
	EndGlobalSection
	GlobalSection(ExtensibilityGlobals) = postSolution
		SolutionGuid = {F461FC3C-0909-45CF-94AB-0EF5372DE89D}
	EndGlobalSection
EndGlobal
